
Microsoft Visual Studio Solution File, Format Version 12.00
# Visual Studio 14
VisualStudioVersion = 14.0.25420.1
MinimumVisualStudioVersion = 10.0.40219.1
Project("{8BC9CEB8-8B4A-11D0-8D11-00A0C91BC942}") = "Task1CPP", "Task1CPP\Task1CPP.vcxproj", "{EB439559-BCF6-4F58-8464-A792CC5F7D4A}"
EndProject
Project("{8BC9CEB8-8B4A-11D0-8D11-00A0C91BC942}") = "IndexerTestCPP", "IndexerTestCPP\IndexerTestCPP.vcxproj", "{BF168329-0A27-4925-8283-A9329E5CC90C}"
EndProject
Project("{FAE04EC0-301F-11D3-BF4B-00C04F79EFBC}") = "Task1CSHARP", "Task1CSHARP\Task1CSHARP.csproj", "{022E0921-713B-4711-8C93-44A014A9F141}"
EndProject
Project("{FAE04EC0-301F-11D3-BF4B-00C04F79EFBC}") = "IndexerTestCSHARP", "IndexerTestCSHARP\IndexerTestCSHARP.csproj", "{05CD1EA8-F98E-42A3-B40F-CF0C3CB4B47D}"
EndProject
Project("{8BC9CEB8-8B4A-11D0-8D11-00A0C91BC942}") = "Task2CPP", "Task2CPP\Task2CPP.vcxproj", "{7E02C523-E1D9-4275-9A33-0DB4E7A5C84A}"
EndProject
Project("{8BC9CEB8-8B4A-11D0-8D11-00A0C91BC942}") = "LinearEquationTestCPP", "LinearEquationTestCPP\LinearEquationTestCPP.vcxproj", "{58272C6D-0DE1-463B-9D65-8DECDB89CC9F}"
EndProject
Project("{8BC9CEB8-8B4A-11D0-8D11-00A0C91BC942}") = "SystemOfLinearEquationTestCPP", "SystemOfLinearEquationTestCPP\SystemOfLinearEquationTestCPP.vcxproj", "{00CF4D34-5AD7-498A-8850-1062C278939B}"
EndProject
Global
	GlobalSection(SolutionConfigurationPlatforms) = preSolution
		Debug|Any CPU = Debug|Any CPU
		Debug|x64 = Debug|x64
		Debug|x86 = Debug|x86
		Release|Any CPU = Release|Any CPU
		Release|x64 = Release|x64
		Release|x86 = Release|x86
	EndGlobalSection
	GlobalSection(ProjectConfigurationPlatforms) = postSolution
		{EB439559-BCF6-4F58-8464-A792CC5F7D4A}.Debug|Any CPU.ActiveCfg = Debug|Win32
		{EB439559-BCF6-4F58-8464-A792CC5F7D4A}.Debug|x64.ActiveCfg = Debug|x64
		{EB439559-BCF6-4F58-8464-A792CC5F7D4A}.Debug|x64.Build.0 = Debug|x64
		{EB439559-BCF6-4F58-8464-A792CC5F7D4A}.Debug|x86.ActiveCfg = Debug|Win32
		{EB439559-BCF6-4F58-8464-A792CC5F7D4A}.Debug|x86.Build.0 = Debug|Win32
		{EB439559-BCF6-4F58-8464-A792CC5F7D4A}.Release|Any CPU.ActiveCfg = Release|Win32
		{EB439559-BCF6-4F58-8464-A792CC5F7D4A}.Release|x64.ActiveCfg = Release|x64
		{EB439559-BCF6-4F58-8464-A792CC5F7D4A}.Release|x64.Build.0 = Release|x64
		{EB439559-BCF6-4F58-8464-A792CC5F7D4A}.Release|x86.ActiveCfg = Release|Win32
		{EB439559-BCF6-4F58-8464-A792CC5F7D4A}.Release|x86.Build.0 = Release|Win32
		{BF168329-0A27-4925-8283-A9329E5CC90C}.Debug|Any CPU.ActiveCfg = Debug|Win32
		{BF168329-0A27-4925-8283-A9329E5CC90C}.Debug|x64.ActiveCfg = Debug|x64
		{BF168329-0A27-4925-8283-A9329E5CC90C}.Debug|x64.Build.0 = Debug|x64
		{BF168329-0A27-4925-8283-A9329E5CC90C}.Debug|x86.ActiveCfg = Debug|Win32
		{BF168329-0A27-4925-8283-A9329E5CC90C}.Debug|x86.Build.0 = Debug|Win32
		{BF168329-0A27-4925-8283-A9329E5CC90C}.Release|Any CPU.ActiveCfg = Release|Win32
		{BF168329-0A27-4925-8283-A9329E5CC90C}.Release|x64.ActiveCfg = Release|x64
		{BF168329-0A27-4925-8283-A9329E5CC90C}.Release|x64.Build.0 = Release|x64
		{BF168329-0A27-4925-8283-A9329E5CC90C}.Release|x86.ActiveCfg = Release|Win32
		{BF168329-0A27-4925-8283-A9329E5CC90C}.Release|x86.Build.0 = Release|Win32
		{022E0921-713B-4711-8C93-44A014A9F141}.Debug|Any CPU.ActiveCfg = Debug|Any CPU
		{022E0921-713B-4711-8C93-44A014A9F141}.Debug|Any CPU.Build.0 = Debug|Any CPU
		{022E0921-713B-4711-8C93-44A014A9F141}.Debug|x64.ActiveCfg = Debug|Any CPU
		{022E0921-713B-4711-8C93-44A014A9F141}.Debug|x64.Build.0 = Debug|Any CPU
		{022E0921-713B-4711-8C93-44A014A9F141}.Debug|x86.ActiveCfg = Debug|Any CPU
		{022E0921-713B-4711-8C93-44A014A9F141}.Debug|x86.Build.0 = Debug|Any CPU
		{022E0921-713B-4711-8C93-44A014A9F141}.Release|Any CPU.ActiveCfg = Release|Any CPU
		{022E0921-713B-4711-8C93-44A014A9F141}.Release|Any CPU.Build.0 = Release|Any CPU
		{022E0921-713B-4711-8C93-44A014A9F141}.Release|x64.ActiveCfg = Release|Any CPU
		{022E0921-713B-4711-8C93-44A014A9F141}.Release|x64.Build.0 = Release|Any CPU
		{022E0921-713B-4711-8C93-44A014A9F141}.Release|x86.ActiveCfg = Release|Any CPU
		{022E0921-713B-4711-8C93-44A014A9F141}.Release|x86.Build.0 = Release|Any CPU
		{05CD1EA8-F98E-42A3-B40F-CF0C3CB4B47D}.Debug|Any CPU.ActiveCfg = Debug|Any CPU
		{05CD1EA8-F98E-42A3-B40F-CF0C3CB4B47D}.Debug|Any CPU.Build.0 = Debug|Any CPU
		{05CD1EA8-F98E-42A3-B40F-CF0C3CB4B47D}.Debug|x64.ActiveCfg = Debug|Any CPU
		{05CD1EA8-F98E-42A3-B40F-CF0C3CB4B47D}.Debug|x64.Build.0 = Debug|Any CPU
		{05CD1EA8-F98E-42A3-B40F-CF0C3CB4B47D}.Debug|x86.ActiveCfg = Debug|Any CPU
		{05CD1EA8-F98E-42A3-B40F-CF0C3CB4B47D}.Debug|x86.Build.0 = Debug|Any CPU
		{05CD1EA8-F98E-42A3-B40F-CF0C3CB4B47D}.Release|Any CPU.ActiveCfg = Release|Any CPU
		{05CD1EA8-F98E-42A3-B40F-CF0C3CB4B47D}.Release|Any CPU.Build.0 = Release|Any CPU
		{05CD1EA8-F98E-42A3-B40F-CF0C3CB4B47D}.Release|x64.ActiveCfg = Release|Any CPU
		{05CD1EA8-F98E-42A3-B40F-CF0C3CB4B47D}.Release|x64.Build.0 = Release|Any CPU
		{05CD1EA8-F98E-42A3-B40F-CF0C3CB4B47D}.Release|x86.ActiveCfg = Release|Any CPU
		{05CD1EA8-F98E-42A3-B40F-CF0C3CB4B47D}.Release|x86.Build.0 = Release|Any CPU
		{7E02C523-E1D9-4275-9A33-0DB4E7A5C84A}.Debug|Any CPU.ActiveCfg = Debug|Win32
		{7E02C523-E1D9-4275-9A33-0DB4E7A5C84A}.Debug|x64.ActiveCfg = Debug|x64
		{7E02C523-E1D9-4275-9A33-0DB4E7A5C84A}.Debug|x64.Build.0 = Debug|x64
		{7E02C523-E1D9-4275-9A33-0DB4E7A5C84A}.Debug|x86.ActiveCfg = Debug|Win32
		{7E02C523-E1D9-4275-9A33-0DB4E7A5C84A}.Debug|x86.Build.0 = Debug|Win32
		{7E02C523-E1D9-4275-9A33-0DB4E7A5C84A}.Release|Any CPU.ActiveCfg = Release|Win32
		{7E02C523-E1D9-4275-9A33-0DB4E7A5C84A}.Release|x64.ActiveCfg = Release|x64
		{7E02C523-E1D9-4275-9A33-0DB4E7A5C84A}.Release|x64.Build.0 = Release|x64
		{7E02C523-E1D9-4275-9A33-0DB4E7A5C84A}.Release|x86.ActiveCfg = Release|Win32
		{7E02C523-E1D9-4275-9A33-0DB4E7A5C84A}.Release|x86.Build.0 = Release|Win32
		{58272C6D-0DE1-463B-9D65-8DECDB89CC9F}.Debug|Any CPU.ActiveCfg = Debug|Win32
		{58272C6D-0DE1-463B-9D65-8DECDB89CC9F}.Debug|x64.ActiveCfg = Debug|x64
		{58272C6D-0DE1-463B-9D65-8DECDB89CC9F}.Debug|x64.Build.0 = Debug|x64
		{58272C6D-0DE1-463B-9D65-8DECDB89CC9F}.Debug|x86.ActiveCfg = Debug|Win32
		{58272C6D-0DE1-463B-9D65-8DECDB89CC9F}.Debug|x86.Build.0 = Debug|Win32
		{58272C6D-0DE1-463B-9D65-8DECDB89CC9F}.Release|Any CPU.ActiveCfg = Release|Win32
		{58272C6D-0DE1-463B-9D65-8DECDB89CC9F}.Release|x64.ActiveCfg = Release|x64
		{58272C6D-0DE1-463B-9D65-8DECDB89CC9F}.Release|x64.Build.0 = Release|x64
		{58272C6D-0DE1-463B-9D65-8DECDB89CC9F}.Release|x86.ActiveCfg = Release|Win32
		{58272C6D-0DE1-463B-9D65-8DECDB89CC9F}.Release|x86.Build.0 = Release|Win32
		{00CF4D34-5AD7-498A-8850-1062C278939B}.Debug|Any CPU.ActiveCfg = Debug|Win32
		{00CF4D34-5AD7-498A-8850-1062C278939B}.Debug|x64.ActiveCfg = Debug|x64
		{00CF4D34-5AD7-498A-8850-1062C278939B}.Debug|x64.Build.0 = Debug|x64
		{00CF4D34-5AD7-498A-8850-1062C278939B}.Debug|x86.ActiveCfg = Debug|Win32
		{00CF4D34-5AD7-498A-8850-1062C278939B}.Debug|x86.Build.0 = Debug|Win32
		{00CF4D34-5AD7-498A-8850-1062C278939B}.Release|Any CPU.ActiveCfg = Release|Win32
		{00CF4D34-5AD7-498A-8850-1062C278939B}.Release|x64.ActiveCfg = Release|x64
		{00CF4D34-5AD7-498A-8850-1062C278939B}.Release|x64.Build.0 = Release|x64
		{00CF4D34-5AD7-498A-8850-1062C278939B}.Release|x86.ActiveCfg = Release|Win32
		{00CF4D34-5AD7-498A-8850-1062C278939B}.Release|x86.Build.0 = Release|Win32
	EndGlobalSection
	GlobalSection(SolutionProperties) = preSolution
		HideSolutionNode = FALSE
	EndGlobalSection
EndGlobal
